{
  "object": {
    "pins": [
      {
        "package": "Extension",
        "repositoryURL": "https://github.com/DingSoung/Extension",
        "state": {
          "branch": "master",
          "revision": "ab54a7716992e5c5ba8d9949c53dea0b5450f64e",
          "version": null
        }
      },
      {
        "package": "FlexLayout",
        "repositoryURL": "https://github.com/DingSoung/FlexLayout",
        "state": {
          "branch": "master",
          "revision": "d69efdb333080372d8c6bc2a692c3f4afe04bdb9",
          "version": null
        }
      },
      {
        "package": "Graph",
        "repositoryURL": "https://github.com/DingSoung/Graph",
        "state": {
          "branch": "master",
          "revision": "c17fba1cd13184a199010efb52e4c9c8223037c9",
          "version": null
        }
      },
      {
        "package": "Kingfisher",
        "repositoryURL": "https://github.com/onevcat/Kingfisher.git",
        "state": {
          "branch": "master",
          "revision": "2277d9e8166cb7ebea3ee7be4c0819f0ca07842e",
          "version": null
        }
      },
      {
        "package": "SwiftyMarkdown",
        "repositoryURL": "https://github.com/SimonFairbairn/SwiftyMarkdown",
        "state": {
          "branch": "master",
          "revision": "2bbf1213a6f32b9860f6c034a0e99c1e86d18aed",
          "version": null
        }
      },
      {
        "package": "YogaKit",
        "repositoryURL": "https://github.com/DingSoung/YogaKit",
        "state": {
          "branch": "master",
          "revision": "02174f6385ad99835a1a3bbaaeeaf30f120e2fc6",
          "version": null
        }
      }
    ]
  },
  "version": 1
}
